// !$*UTF8*$!
{
	archiveVersion = 1;
	classes = {
	};
	objectVersion = 56;
	objects = {

/* Begin PBXBuildFile section */
		7A3326292AD091BE0048E4C7 /* rat.png in Resources */ = {isa = PBXBuildFile; fileRef = 7A3326282AD091BE0048E4C7 /* rat.png */; };
		7A33262B2AD091C60048E4C7 /* rooster.png in Resources */ = {isa = PBXBuildFile; fileRef = 7A33262A2AD091C60048E4C7 /* rooster.png */; };
		7A33262D2AD091CB0048E4C7 /* ox.png in Resources */ = {isa = PBXBuildFile; fileRef = 7A33262C2AD091CB0048E4C7 /* ox.png */; };
		7A33262F2AD091D10048E4C7 /* rabbit.png in Resources */ = {isa = PBXBuildFile; fileRef = 7A33262E2AD091D10048E4C7 /* rabbit.png */; };
		7A3326312AD091DA0048E4C7 /* pig.png in Resources */ = {isa = PBXBuildFile; fileRef = 7A3326302AD091DA0048E4C7 /* pig.png */; };
		7A3326332AD091DF0048E4C7 /* goat.png in Resources */ = {isa = PBXBuildFile; fileRef = 7A3326322AD091DF0048E4C7 /* goat.png */; };
		7A3326352AD091E30048E4C7 /* snake.png in Resources */ = {isa = PBXBuildFile; fileRef = 7A3326342AD091E30048E4C7 /* snake.png */; };
		7A3326372AD091EB0048E4C7 /* horse.png in Resources */ = {isa = PBXBuildFile; fileRef = 7A3326362AD091EB0048E4C7 /* horse.png */; };
		7A3326392AD091F00048E4C7 /* dragon.png in Resources */ = {isa = PBXBuildFile; fileRef = 7A3326382AD091F00048E4C7 /* dragon.png */; };
		7A33263B2AD091F90048E4C7 /* dog.png in Resources */ = {isa = PBXBuildFile; fileRef = 7A33263A2AD091F90048E4C7 /* dog.png */; };
		7A33263D2AD091FD0048E4C7 /* monkey.png in Resources */ = {isa = PBXBuildFile; fileRef = 7A33263C2AD091FD0048E4C7 /* monkey.png */; };
		7A4F583F2AC7793A00E18C9A /* Assignment1App.swift in Sources */ = {isa = PBXBuildFile; fileRef = 7A4F583E2AC7793A00E18C9A /* Assignment1App.swift */; };
		7A4F58412AC7793A00E18C9A /* ContentView.swift in Sources */ = {isa = PBXBuildFile; fileRef = 7A4F58402AC7793A00E18C9A /* ContentView.swift */; };
		7A4F58432AC7793B00E18C9A /* Assets.xcassets in Resources */ = {isa = PBXBuildFile; fileRef = 7A4F58422AC7793B00E18C9A /* Assets.xcassets */; };
		7A4F58462AC7793B00E18C9A /* Preview Assets.xcassets in Resources */ = {isa = PBXBuildFile; fileRef = 7A4F58452AC7793B00E18C9A /* Preview Assets.xcassets */; };
		7A4F58502AC7793B00E18C9A /* Assignment1Tests.swift in Sources */ = {isa = PBXBuildFile; fileRef = 7A4F584F2AC7793B00E18C9A /* Assignment1Tests.swift */; };
		7A4F585A2AC7793B00E18C9A /* Assignment1UITests.swift in Sources */ = {isa = PBXBuildFile; fileRef = 7A4F58592AC7793B00E18C9A /* Assignment1UITests.swift */; };
		7A4F585C2AC7793C00E18C9A /* Assignment1UITestsLaunchTests.swift in Sources */ = {isa = PBXBuildFile; fileRef = 7A4F585B2AC7793C00E18C9A /* Assignment1UITestsLaunchTests.swift */; };
		7A4F58692AC779D500E18C9A /* Zodiac.swift in Sources */ = {isa = PBXBuildFile; fileRef = 7A4F58682AC779D500E18C9A /* Zodiac.swift */; };
		7A4F586B2AC77D2900E18C9A /* CalculatorView.swift in Sources */ = {isa = PBXBuildFile; fileRef = 7A4F586A2AC77D2900E18C9A /* CalculatorView.swift */; };
		7A4F586D2AC77D8900E18C9A /* AboutView.swift in Sources */ = {isa = PBXBuildFile; fileRef = 7A4F586C2AC77D8900E18C9A /* AboutView.swift */; };
		7A4F586F2AC77DB400E18C9A /* ZodiacsView.swift in Sources */ = {isa = PBXBuildFile; fileRef = 7A4F586E2AC77DB400E18C9A /* ZodiacsView.swift */; };
		7A4F58712AC77EEA00E18C9A /* DetailsView.swift in Sources */ = {isa = PBXBuildFile; fileRef = 7A4F58702AC77EEA00E18C9A /* DetailsView.swift */; };
/* End PBXBuildFile section */

/* Begin PBXContainerItemProxy section */
		7A4F584C2AC7793B00E18C9A /* PBXContainerItemProxy */ = {
			isa = PBXContainerItemProxy;
			containerPortal = 7A4F58332AC7793A00E18C9A /* Project object */;
			proxyType = 1;
			remoteGlobalIDString = 7A4F583A2AC7793A00E18C9A;
			remoteInfo = Assignment1;
		};
		7A4F58562AC7793B00E18C9A /* PBXContainerItemProxy */ = {
			isa = PBXContainerItemProxy;
			containerPortal = 7A4F58332AC7793A00E18C9A /* Project object */;
			proxyType = 1;
			remoteGlobalIDString = 7A4F583A2AC7793A00E18C9A;
			remoteInfo = Assignment1;
		};
/* End PBXContainerItemProxy section */

/* Begin PBXFileReference section */
		7A3326272AD0919A0048E4C7 /* tiger.png */ = {isa = PBXFileReference; lastKnownFileType = image.png; path = tiger.png; sourceTree = "<group>"; };
		7A3326282AD091BE0048E4C7 /* rat.png */ = {isa = PBXFileReference; lastKnownFileType = image.png; name = rat.png; path = ../../../../Downloads/rat.png; sourceTree = "<group>"; };
		7A33262A2AD091C60048E4C7 /* rooster.png */ = {isa = PBXFileReference; lastKnownFileType = image.png; name = rooster.png; path = ../../../../Downloads/rooster.png; sourceTree = "<group>"; };
		7A33262C2AD091CB0048E4C7 /* ox.png */ = {isa = PBXFileReference; lastKnownFileType = image.png; name = ox.png; path = ../../../../Downloads/ox.png; sourceTree = "<group>"; };
		7A33262E2AD091D10048E4C7 /* rabbit.png */ = {isa = PBXFileReference; lastKnownFileType = image.png; name = rabbit.png; path = ../../../../Downloads/rabbit.png; sourceTree = "<group>"; };
		7A3326302AD091DA0048E4C7 /* pig.png */ = {isa = PBXFileReference; lastKnownFileType = image.png; name = pig.png; path = ../../../../Downloads/pig.png; sourceTree = "<group>"; };
		7A3326322AD091DF0048E4C7 /* goat.png */ = {isa = PBXFileReference; lastKnownFileType = image.png; name = goat.png; path = ../../../../Downloads/goat.png; sourceTree = "<group>"; };
		7A3326342AD091E30048E4C7 /* snake.png */ = {isa = PBXFileReference; lastKnownFileType = image.png; name = snake.png; path = ../../../../Downloads/snake.png; sourceTree = "<group>"; };
		7A3326362AD091EB0048E4C7 /* horse.png */ = {isa = PBXFileReference; lastKnownFileType = image.png; name = horse.png; path = ../../../../Downloads/horse.png; sourceTree = "<group>"; };
		7A3326382AD091F00048E4C7 /* dragon.png */ = {isa = PBXFileReference; lastKnownFileType = image.png; name = dragon.png; path = ../../../../Downloads/dragon.png; sourceTree = "<group>"; };
		7A33263A2AD091F90048E4C7 /* dog.png */ = {isa = PBXFileReference; lastKnownFileType = image.png; name = dog.png; path = ../../../../Downloads/dog.png; sourceTree = "<group>"; };
		7A33263C2AD091FD0048E4C7 /* monkey.png */ = {isa = PBXFileReference; lastKnownFileType = image.png; name = monkey.png; path = ../../../../Downloads/monkey.png; sourceTree = "<group>"; };
		7A4F583B2AC7793A00E18C9A /* Assignment1.app */ = {isa = PBXFileReference; explicitFileType = wrapper.application; includeInIndex = 0; path = Assignment1.app; sourceTree = BUILT_PRODUCTS_DIR; };
		7A4F583E2AC7793A00E18C9A /* Assignment1App.swift */ = {isa = PBXFileReference; lastKnownFileType = sourcecode.swift; path = Assignment1App.swift; sourceTree = "<group>"; };
		7A4F58402AC7793A00E18C9A /* ContentView.swift */ = {isa = PBXFileReference; lastKnownFileType = sourcecode.swift; path = ContentView.swift; sourceTree = "<group>"; };
		7A4F58422AC7793B00E18C9A /* Assets.xcassets */ = {isa = PBXFileReference; lastKnownFileType = folder.assetcatalog; path = Assets.xcassets; sourceTree = "<group>"; };
		7A4F58452AC7793B00E18C9A /* Preview Assets.xcassets */ = {isa = PBXFileReference; lastKnownFileType = folder.assetcatalog; path = "Preview Assets.xcassets"; sourceTree = "<group>"; };
		7A4F584B2AC7793B00E18C9A /* Assignment1Tests.xctest */ = {isa = PBXFileReference; explicitFileType = wrapper.cfbundle; includeInIndex = 0; path = Assignment1Tests.xctest; sourceTree = BUILT_PRODUCTS_DIR; };
		7A4F584F2AC7793B00E18C9A /* Assignment1Tests.swift */ = {isa = PBXFileReference; lastKnownFileType = sourcecode.swift; path = Assignment1Tests.swift; sourceTree = "<group>"; };
		7A4F58552AC7793B00E18C9A /* Assignment1UITests.xctest */ = {isa = PBXFileReference; explicitFileType = wrapper.cfbundle; includeInIndex = 0; path = Assignment1UITests.xctest; sourceTree = BUILT_PRODUCTS_DIR; };
		7A4F58592AC7793B00E18C9A /* Assignment1UITests.swift */ = {isa = PBXFileReference; lastKnownFileType = sourcecode.swift; path = Assignment1UITests.swift; sourceTree = "<group>"; };
		7A4F585B2AC7793C00E18C9A /* Assignment1UITestsLaunchTests.swift */ = {isa = PBXFileReference; lastKnownFileType = sourcecode.swift; path = Assignment1UITestsLaunchTests.swift; sourceTree = "<group>"; };
		7A4F58682AC779D500E18C9A /* Zodiac.swift */ = {isa = PBXFileReference; lastKnownFileType = sourcecode.swift; path = Zodiac.swift; sourceTree = "<group>"; };
		7A4F586A2AC77D2900E18C9A /* CalculatorView.swift */ = {isa = PBXFileReference; lastKnownFileType = sourcecode.swift; path = CalculatorView.swift; sourceTree = "<group>"; };
		7A4F586C2AC77D8900E18C9A /* AboutView.swift */ = {isa = PBXFileReference; lastKnownFileType = sourcecode.swift; path = AboutView.swift; sourceTree = "<group>"; };
		7A4F586E2AC77DB400E18C9A /* ZodiacsView.swift */ = {isa = PBXFileReference; lastKnownFileType = sourcecode.swift; path = ZodiacsView.swift; sourceTree = "<group>"; };
		7A4F58702AC77EEA00E18C9A /* DetailsView.swift */ = {isa = PBXFileReference; lastKnownFileType = sourcecode.swift; path = DetailsView.swift; sourceTree = "<group>"; };
/* End PBXFileReference section */

/* Begin PBXFrameworksBuildPhase section */
		7A4F58382AC7793A00E18C9A /* Frameworks */ = {
			isa = PBXFrameworksBuildPhase;
			buildActionMask = 2147483647;
			files = (
			);
			runOnlyForDeploymentPostprocessing = 0;
		};
		7A4F58482AC7793B00E18C9A /* Frameworks */ = {
			isa = PBXFrameworksBuildPhase;
			buildActionMask = 2147483647;
			files = (
			);
			runOnlyForDeploymentPostprocessing = 0;
		};
		7A4F58522AC7793B00E18C9A /* Frameworks */ = {
			isa = PBXFrameworksBuildPhase;
			buildActionMask = 2147483647;
			files = (
			);
			runOnlyForDeploymentPostprocessing = 0;
		};
/* End PBXFrameworksBuildPhase section */

/* Begin PBXGroup section */
		7A3326262AD0919A0048E4C7 /* Images */ = {
			isa = PBXGroup;
			children = (
				7A33262C2AD091CB0048E4C7 /* ox.png */,
				7A33262E2AD091D10048E4C7 /* rabbit.png */,
				7A3326342AD091E30048E4C7 /* snake.png */,
				7A33263C2AD091FD0048E4C7 /* monkey.png */,
				7A3326302AD091DA0048E4C7 /* pig.png */,
				7A3326362AD091EB0048E4C7 /* horse.png */,
				7A3326322AD091DF0048E4C7 /* goat.png */,
				7A33262A2AD091C60048E4C7 /* rooster.png */,
				7A3326382AD091F00048E4C7 /* dragon.png */,
				7A3326282AD091BE0048E4C7 /* rat.png */,
				7A3326272AD0919A0048E4C7 /* tiger.png */,
				7A33263A2AD091F90048E4C7 /* dog.png */,
			);
			path = Images;
			sourceTree = "<group>";
		};
		7A4F58322AC7793A00E18C9A = {
			isa = PBXGroup;
			children = (
				7A4F583D2AC7793A00E18C9A /* Assignment1 */,
				7A4F584E2AC7793B00E18C9A /* Assignment1Tests */,
				7A4F58582AC7793B00E18C9A /* Assignment1UITests */,
				7A4F583C2AC7793A00E18C9A /* Products */,
			);
			sourceTree = "<group>";
		};
		7A4F583C2AC7793A00E18C9A /* Products */ = {
			isa = PBXGroup;
			children = (
				7A4F583B2AC7793A00E18C9A /* Assignment1.app */,
				7A4F584B2AC7793B00E18C9A /* Assignment1Tests.xctest */,
				7A4F58552AC7793B00E18C9A /* Assignment1UITests.xctest */,
			);
			name = Products;
			sourceTree = "<group>";
		};
		7A4F583D2AC7793A00E18C9A /* Assignment1 */ = {
			isa = PBXGroup;
			children = (
				7A4F583E2AC7793A00E18C9A /* Assignment1App.swift */,
				7A4F58402AC7793A00E18C9A /* ContentView.swift */,
				7A4F586E2AC77DB400E18C9A /* ZodiacsView.swift */,
				7A4F58702AC77EEA00E18C9A /* DetailsView.swift */,
				7A4F586A2AC77D2900E18C9A /* CalculatorView.swift */,
				7A4F586C2AC77D8900E18C9A /* AboutView.swift */,
				7A4F58682AC779D500E18C9A /* Zodiac.swift */,
				7A4F58422AC7793B00E18C9A /* Assets.xcassets */,
				7A3326262AD0919A0048E4C7 /* Images */,
				7A4F58442AC7793B00E18C9A /* Preview Content */,
			);
			path = Assignment1;
			sourceTree = "<group>";
		};
		7A4F58442AC7793B00E18C9A /* Preview Content */ = {
			isa = PBXGroup;
			children = (
				7A4F58452AC7793B00E18C9A /* Preview Assets.xcassets */,
			);
			path = "Preview Content";
			sourceTree = "<group>";
		};
		7A4F584E2AC7793B00E18C9A /* Assignment1Tests */ = {
			isa = PBXGroup;
			children = (
				7A4F584F2AC7793B00E18C9A /* Assignment1Tests.swift */,
			);
			path = Assignment1Tests;
			sourceTree = "<group>";
		};
		7A4F58582AC7793B00E18C9A /* Assignment1UITests */ = {
			isa = PBXGroup;
			children = (
				7A4F58592AC7793B00E18C9A /* Assignment1UITests.swift */,
				7A4F585B2AC7793C00E18C9A /* Assignment1UITestsLaunchTests.swift */,
			);
			path = Assignment1UITests;
			sourceTree = "<group>";
		};
/* End PBXGroup section */

/* Begin PBXNativeTarget section */
		7A4F583A2AC7793A00E18C9A /* Assignment1 */ = {
			isa = PBXNativeTarget;
			buildConfigurationList = 7A4F585F2AC7793C00E18C9A /* Build configuration list for PBXNativeTarget "Assignment1" */;
			buildPhases = (
				7A4F58372AC7793A00E18C9A /* Sources */,
				7A4F58382AC7793A00E18C9A /* Frameworks */,
				7A4F58392AC7793A00E18C9A /* Resources */,
			);
			buildRules = (
			);
			dependencies = (
			);
			name = Assignment1;
			productName = Assignment1;
			productReference = 7A4F583B2AC7793A00E18C9A /* Assignment1.app */;
			productType = "com.apple.product-type.application";
		};
		7A4F584A2AC7793B00E18C9A /* Assignment1Tests */ = {
			isa = PBXNativeTarget;
			buildConfigurationList = 7A4F58622AC7793C00E18C9A /* Build configuration list for PBXNativeTarget "Assignment1Tests" */;
			buildPhases = (
				7A4F58472AC7793B00E18C9A /* Sources */,
				7A4F58482AC7793B00E18C9A /* Frameworks */,
				7A4F58492AC7793B00E18C9A /* Resources */,
			);
			buildRules = (
			);
			dependencies = (
				7A4F584D2AC7793B00E18C9A /* PBXTargetDependency */,
			);
			name = Assignment1Tests;
			productName = Assignment1Tests;
			productReference = 7A4F584B2AC7793B00E18C9A /* Assignment1Tests.xctest */;
			productType = "com.apple.product-type.bundle.unit-test";
		};
		7A4F58542AC7793B00E18C9A /* Assignment1UITests */ = {
			isa = PBXNativeTarget;
			buildConfigurationList = 7A4F58652AC7793C00E18C9A /* Build configuration list for PBXNativeTarget "Assignment1UITests" */;
			buildPhases = (
				7A4F58512AC7793B00E18C9A /* Sources */,
				7A4F58522AC7793B00E18C9A /* Frameworks */,
				7A4F58532AC7793B00E18C9A /* Resources */,
			);
			buildRules = (
			);
			dependencies = (
				7A4F58572AC7793B00E18C9A /* PBXTargetDependency */,
			);
			name = Assignment1UITests;
			productName = Assignment1UITests;
			productReference = 7A4F58552AC7793B00E18C9A /* Assignment1UITests.xctest */;
			productType = "com.apple.product-type.bundle.ui-testing";
		};
/* End PBXNativeTarget section */

/* Begin PBXProject section */
		7A4F58332AC7793A00E18C9A /* Project object */ = {
			isa = PBXProject;
			attributes = {
				BuildIndependentTargetsInParallel = 1;
				LastSwiftUpdateCheck = 1500;
				LastUpgradeCheck = 1500;
				TargetAttributes = {
					7A4F583A2AC7793A00E18C9A = {
						CreatedOnToolsVersion = 15.0;
					};
					7A4F584A2AC7793B00E18C9A = {
						CreatedOnToolsVersion = 15.0;
						TestTargetID = 7A4F583A2AC7793A00E18C9A;
					};
					7A4F58542AC7793B00E18C9A = {
						CreatedOnToolsVersion = 15.0;
						TestTargetID = 7A4F583A2AC7793A00E18C9A;
					};
				};
			};
			buildConfigurationList = 7A4F58362AC7793A00E18C9A /* Build configuration list for PBXProject "Assignment1" */;
			compatibilityVersion = "Xcode 14.0";
			developmentRegion = en;
			hasScannedForEncodings = 0;
			knownRegions = (
				en,
				Base,
			);
			mainGroup = 7A4F58322AC7793A00E18C9A;
			productRefGroup = 7A4F583C2AC7793A00E18C9A /* Products */;
			projectDirPath = "";
			projectRoot = "";
			targets = (
				7A4F583A2AC7793A00E18C9A /* Assignment1 */,
				7A4F584A2AC7793B00E18C9A /* Assignment1Tests */,
				7A4F58542AC7793B00E18C9A /* Assignment1UITests */,
			);
		};
/* End PBXProject section */

/* Begin PBXResourcesBuildPhase section */
		7A4F58392AC7793A00E18C9A /* Resources */ = {
			isa = PBXResourcesBuildPhase;
			buildActionMask = 2147483647;
			files = (
				7A33263B2AD091F90048E4C7 /* dog.png in Resources */,
				7A33262D2AD091CB0048E4C7 /* ox.png in Resources */,
				7A3326352AD091E30048E4C7 /* snake.png in Resources */,
				7A3326392AD091F00048E4C7 /* dragon.png in Resources */,
				7A33262B2AD091C60048E4C7 /* rooster.png in Resources */,
				7A3326292AD091BE0048E4C7 /* rat.png in Resources */,
				7A3326312AD091DA0048E4C7 /* pig.png in Resources */,
				7A4F58462AC7793B00E18C9A /* Preview Assets.xcassets in Resources */,
				7A33263D2AD091FD0048E4C7 /* monkey.png in Resources */,
				7A4F58432AC7793B00E18C9A /* Assets.xcassets in Resources */,
				7A3326372AD091EB0048E4C7 /* horse.png in Resources */,
				7A3326332AD091DF0048E4C7 /* goat.png in Resources */,
				7A33262F2AD091D10048E4C7 /* rabbit.png in Resources */,
			);
			runOnlyForDeploymentPostprocessing = 0;
		};
		7A4F58492AC7793B00E18C9A /* Resources */ = {
			isa = PBXResourcesBuildPhase;
			buildActionMask = 2147483647;
			files = (
			);
			runOnlyForDeploymentPostprocessing = 0;
		};
		7A4F58532AC7793B00E18C9A /* Resources */ = {
			isa = PBXResourcesBuildPhase;
			buildActionMask = 2147483647;
			files = (
			);
			runOnlyForDeploymentPostprocessing = 0;
		};
/* End PBXResourcesBuildPhase section */

/* Begin PBXSourcesBuildPhase section */
		7A4F58372AC7793A00E18C9A /* Sources */ = {
			isa = PBXSourcesBuildPhase;
			buildActionMask = 2147483647;
			files = (
				7A4F586F2AC77DB400E18C9A /* ZodiacsView.swift in Sources */,
				7A4F58712AC77EEA00E18C9A /* DetailsView.swift in Sources */,
				7A4F586B2AC77D2900E18C9A /* CalculatorView.swift in Sources */,
				7A4F58412AC7793A00E18C9A /* ContentView.swift in Sources */,
				7A4F583F2AC7793A00E18C9A /* Assignment1App.swift in Sources */,
				7A4F58692AC779D500E18C9A /* Zodiac.swift in Sources */,
				7A4F586D2AC77D8900E18C9A /* AboutView.swift in Sources */,
			);
			runOnlyForDeploymentPostprocessing = 0;
		};
		7A4F58472AC7793B00E18C9A /* Sources */ = {
			isa = PBXSourcesBuildPhase;
			buildActionMask = 2147483647;
			files = (
				7A4F58502AC7793B00E18C9A /* Assignment1Tests.swift in Sources */,
			);
			runOnlyForDeploymentPostprocessing = 0;
		};
		7A4F58512AC7793B00E18C9A /* Sources */ = {
			isa = PBXSourcesBuildPhase;
			buildActionMask = 2147483647;
			files = (
				7A4F585A2AC7793B00E18C9A /* Assignment1UITests.swift in Sources */,
				7A4F585C2AC7793C00E18C9A /* Assignment1UITestsLaunchTests.swift in Sources */,
			);
			runOnlyForDeploymentPostprocessing = 0;
		};
/* End PBXSourcesBuildPhase section */

/* Begin PBXTargetDependency section */
		7A4F584D2AC7793B00E18C9A /* PBXTargetDependency */ = {
			isa = PBXTargetDependency;
			target = 7A4F583A2AC7793A00E18C9A /* Assignment1 */;
			targetProxy = 7A4F584C2AC7793B00E18C9A /* PBXContainerItemProxy */;
		};
		7A4F58572AC7793B00E18C9A /* PBXTargetDependency */ = {
			isa = PBXTargetDependency;
			target = 7A4F583A2AC7793A00E18C9A /* Assignment1 */;
			targetProxy = 7A4F58562AC7793B00E18C9A /* PBXContainerItemProxy */;
		};
/* End PBXTargetDependency section */

/* Begin XCBuildConfiguration section */
		7A4F585D2AC7793C00E18C9A /* Debug */ = {
			isa = XCBuildConfiguration;
			buildSettings = {
				ALWAYS_SEARCH_USER_PATHS = NO;
				ASSETCATALOG_COMPILER_GENERATE_SWIFT_ASSET_SYMBOL_EXTENSIONS = YES;
				CLANG_ANALYZER_NONNULL = YES;
				CLANG_ANALYZER_NUMBER_OBJECT_CONVERSION = YES_AGGRESSIVE;
				CLANG_CXX_LANGUAGE_STANDARD = "gnu++20";
				CLANG_ENABLE_MODULES = YES;
				CLANG_ENABLE_OBJC_ARC = YES;
				CLANG_ENABLE_OBJC_WEAK = YES;
				CLANG_WARN_BLOCK_CAPTURE_AUTORELEASING = YES;
				CLANG_WARN_BOOL_CONVERSION = YES;
				CLANG_WARN_COMMA = YES;
				CLANG_WARN_CONSTANT_CONVERSION = YES;
				CLANG_WARN_DEPRECATED_OBJC_IMPLEMENTATIONS = YES;
				CLANG_WARN_DIRECT_OBJC_ISA_USAGE = YES_ERROR;
				CLANG_WARN_DOCUMENTATION_COMMENTS = YES;
				CLANG_WARN_EMPTY_BODY = YES;
				CLANG_WARN_ENUM_CONVERSION = YES;
				CLANG_WARN_INFINITE_RECURSION = YES;
				CLANG_WARN_INT_CONVERSION = YES;
				CLANG_WARN_NON_LITERAL_NULL_CONVERSION = YES;
				CLANG_WARN_OBJC_IMPLICIT_RETAIN_SELF = YES;
				CLANG_WARN_OBJC_LITERAL_CONVERSION = YES;
				CLANG_WARN_OBJC_ROOT_CLASS = YES_ERROR;
				CLANG_WARN_QUOTED_INCLUDE_IN_FRAMEWORK_HEADER = YES;
				CLANG_WARN_RANGE_LOOP_ANALYSIS = YES;
				CLANG_WARN_STRICT_PROTOTYPES = YES;
				CLANG_WARN_SUSPICIOUS_MOVE = YES;
				CLANG_WARN_UNGUARDED_AVAILABILITY = YES_AGGRESSIVE;
				CLANG_WARN_UNREACHABLE_CODE = YES;
				CLANG_WARN__DUPLICATE_METHOD_MATCH = YES;
				COPY_PHASE_STRIP = NO;
				DEBUG_INFORMATION_FORMAT = dwarf;
				ENABLE_STRICT_OBJC_MSGSEND = YES;
				ENABLE_TESTABILITY = YES;
				ENABLE_USER_SCRIPT_SANDBOXING = YES;
				GCC_C_LANGUAGE_STANDARD = gnu17;
				GCC_DYNAMIC_NO_PIC = NO;
				GCC_NO_COMMON_BLOCKS = YES;
				GCC_OPTIMIZATION_LEVEL = 0;
				GCC_PREPROCESSOR_DEFINITIONS = (
					"DEBUG=1",
					"$(inherited)",
				);
				GCC_WARN_64_TO_32_BIT_CONVERSION = YES;
				GCC_WARN_ABOUT_RETURN_TYPE = YES_ERROR;
				GCC_WARN_UNDECLARED_SELECTOR = YES;
				GCC_WARN_UNINITIALIZED_AUTOS = YES_AGGRESSIVE;
				GCC_WARN_UNUSED_FUNCTION = YES;
				GCC_WARN_UNUSED_VARIABLE = YES;
				IPHONEOS_DEPLOYMENT_TARGET = 17.0;
				LOCALIZATION_PREFERS_STRING_CATALOGS = YES;
				MTL_ENABLE_DEBUG_INFO = INCLUDE_SOURCE;
				MTL_FAST_MATH = YES;
				ONLY_ACTIVE_ARCH = YES;
				SDKROOT = iphoneos;
				SWIFT_ACTIVE_COMPILATION_CONDITIONS = "DEBUG $(inherited)";
				SWIFT_OPTIMIZATION_LEVEL = "-Onone";
			};
			name = Debug;
		};
		7A4F585E2AC7793C00E18C9A /* Release */ = {
			isa = XCBuildConfiguration;
			buildSettings = {
				ALWAYS_SEARCH_USER_PATHS = NO;
				ASSETCATALOG_COMPILER_GENERATE_SWIFT_ASSET_SYMBOL_EXTENSIONS = YES;
				CLANG_ANALYZER_NONNULL = YES;
				CLANG_ANALYZER_NUMBER_OBJECT_CONVERSION = YES_AGGRESSIVE;
				CLANG_CXX_LANGUAGE_STANDARD = "gnu++20";
				CLANG_ENABLE_MODULES = YES;
				CLANG_ENABLE_OBJC_ARC = YES;
				CLANG_ENABLE_OBJC_WEAK = YES;
				CLANG_WARN_BLOCK_CAPTURE_AUTORELEASING = YES;
				CLANG_WARN_BOOL_CONVERSION = YES;
				CLANG_WARN_COMMA = YES;
				CLANG_WARN_CONSTANT_CONVERSION = YES;
				CLANG_WARN_DEPRECATED_OBJC_IMPLEMENTATIONS = YES;
				CLANG_WARN_DIRECT_OBJC_ISA_USAGE = YES_ERROR;
				CLANG_WARN_DOCUMENTATION_COMMENTS = YES;
				CLANG_WARN_EMPTY_BODY = YES;
				CLANG_WARN_ENUM_CONVERSION = YES;
				CLANG_WARN_INFINITE_RECURSION = YES;
				CLANG_WARN_INT_CONVERSION = YES;
				CLANG_WARN_NON_LITERAL_NULL_CONVERSION = YES;
				CLANG_WARN_OBJC_IMPLICIT_RETAIN_SELF = YES;
				CLANG_WARN_OBJC_LITERAL_CONVERSION = YES;
				CLANG_WARN_OBJC_ROOT_CLASS = YES_ERROR;
				CLANG_WARN_QUOTED_INCLUDE_IN_FRAMEWORK_HEADER = YES;
				CLANG_WARN_RANGE_LOOP_ANALYSIS = YES;
				CLANG_WARN_STRICT_PROTOTYPES = YES;
				CLANG_WARN_SUSPICIOUS_MOVE = YES;
				CLANG_WARN_UNGUARDED_AVAILABILITY = YES_AGGRESSIVE;
				CLANG_WARN_UNREACHABLE_CODE = YES;
				CLANG_WARN__DUPLICATE_METHOD_MATCH = YES;
				COPY_PHASE_STRIP = NO;
				DEBUG_INFORMATION_FORMAT = "dwarf-with-dsym";
				ENABLE_NS_ASSERTIONS = NO;
				ENABLE_STRICT_OBJC_MSGSEND = YES;
				ENABLE_USER_SCRIPT_SANDBOXING = YES;
				GCC_C_LANGUAGE_STANDARD = gnu17;
				GCC_NO_COMMON_BLOCKS = YES;
				GCC_WARN_64_TO_32_BIT_CONVERSION = YES;
				GCC_WARN_ABOUT_RETURN_TYPE = YES_ERROR;
				GCC_WARN_UNDECLARED_SELECTOR = YES;
				GCC_WARN_UNINITIALIZED_AUTOS = YES_AGGRESSIVE;
				GCC_WARN_UNUSED_FUNCTION = YES;
				GCC_WARN_UNUSED_VARIABLE = YES;
				IPHONEOS_DEPLOYMENT_TARGET = 17.0;
				LOCALIZATION_PREFERS_STRING_CATALOGS = YES;
				MTL_ENABLE_DEBUG_INFO = NO;
				MTL_FAST_MATH = YES;
				SDKROOT = iphoneos;
				SWIFT_COMPILATION_MODE = wholemodule;
				VALIDATE_PRODUCT = YES;
			};
			name = Release;
		};
		7A4F58602AC7793C00E18C9A /* Debug */ = {
			isa = XCBuildConfiguration;
			buildSettings = {
				ASSETCATALOG_COMPILER_APPICON_NAME = AppIcon;
				ASSETCATALOG_COMPILER_GLOBAL_ACCENT_COLOR_NAME = AccentColor;
				CODE_SIGN_STYLE = Automatic;
				CURRENT_PROJECT_VERSION = 1;
				DEVELOPMENT_ASSET_PATHS = "\"Assignment1/Preview Content\"";
				ENABLE_PREVIEWS = YES;
				GENERATE_INFOPLIST_FILE = YES;
				INFOPLIST_KEY_UIApplicationSceneManifest_Generation = YES;
				INFOPLIST_KEY_UIApplicationSupportsIndirectInputEvents = YES;
				INFOPLIST_KEY_UILaunchScreen_Generation = YES;
				INFOPLIST_KEY_UISupportedInterfaceOrientations_iPad = "UIInterfaceOrientationPortrait UIInterfaceOrientationPortraitUpsideDown UIInterfaceOrientationLandscapeLeft UIInterfaceOrientationLandscapeRight";
				INFOPLIST_KEY_UISupportedInterfaceOrientations_iPhone = "UIInterfaceOrientationPortrait UIInterfaceOrientationLandscapeLeft UIInterfaceOrientationLandscapeRight";
				LD_RUNPATH_SEARCH_PATHS = (
					"$(inherited)",
					"@executable_path/Frameworks",
				);
				MARKETING_VERSION = 1.0;
				PRODUCT_BUNDLE_IDENTIFIER = COMP4977.Assignment1;
				PRODUCT_NAME = "$(TARGET_NAME)";
				SWIFT_EMIT_LOC_STRINGS = YES;
				SWIFT_VERSION = 5.0;
				TARGETED_DEVICE_FAMILY = "1,2";
			};
			name = Debug;
		};
		7A4F58612AC7793C00E18C9A /* Release */ = {
			isa = XCBuildConfiguration;
			buildSettings = {
				ASSETCATALOG_COMPILER_APPICON_NAME = AppIcon;
				ASSETCATALOG_COMPILER_GLOBAL_ACCENT_COLOR_NAME = AccentColor;
				CODE_SIGN_STYLE = Automatic;
				CURRENT_PROJECT_VERSION = 1;
				DEVELOPMENT_ASSET_PATHS = "\"Assignment1/Preview Content\"";
				ENABLE_PREVIEWS = YES;
				GENERATE_INFOPLIST_FILE = YES;
				INFOPLIST_KEY_UIApplicationSceneManifest_Generation = YES;
				INFOPLIST_KEY_UIApplicationSupportsIndirectInputEvents = YES;
				INFOPLIST_KEY_UILaunchScreen_Generation = YES;
				INFOPLIST_KEY_UISupportedInterfaceOrientations_iPad = "UIInterfaceOrientationPortrait UIInterfaceOrientationPortraitUpsideDown UIInterfaceOrientationLandscapeLeft UIInterfaceOrientationLandscapeRight";
				INFOPLIST_KEY_UISupportedInterfaceOrientations_iPhone = "UIInterfaceOrientationPortrait UIInterfaceOrientationLandscapeLeft UIInterfaceOrientationLandscapeRight";
				LD_RUNPATH_SEARCH_PATHS = (
					"$(inherited)",
					"@executable_path/Frameworks",
				);
				MARKETING_VERSION = 1.0;
				PRODUCT_BUNDLE_IDENTIFIER = COMP4977.Assignment1;
				PRODUCT_NAME = "$(TARGET_NAME)";
				SWIFT_EMIT_LOC_STRINGS = YES;
				SWIFT_VERSION = 5.0;
				TARGETED_DEVICE_FAMILY = "1,2";
			};
			name = Release;
		};
		7A4F58632AC7793C00E18C9A /* Debug */ = {
			isa = XCBuildConfiguration;
			buildSettings = {
				ALWAYS_EMBED_SWIFT_STANDARD_LIBRARIES = YES;
				BUNDLE_LOADER = "$(TEST_HOST)";
				CODE_SIGN_STYLE = Automatic;
				CURRENT_PROJECT_VERSION = 1;
				GENERATE_INFOPLIST_FILE = YES;
				IPHONEOS_DEPLOYMENT_TARGET = 17.0;
				MARKETING_VERSION = 1.0;
				PRODUCT_BUNDLE_IDENTIFIER = COMP4977.Assignment1Tests;
				PRODUCT_NAME = "$(TARGET_NAME)";
				SWIFT_EMIT_LOC_STRINGS = NO;
				SWIFT_VERSION = 5.0;
				TARGETED_DEVICE_FAMILY = "1,2";
				TEST_HOST = "$(BUILT_PRODUCTS_DIR)/Assignment1.app/$(BUNDLE_EXECUTABLE_FOLDER_PATH)/Assignment1";
			};
			name = Debug;
		};
		7A4F58642AC7793C00E18C9A /* Release */ = {
			isa = XCBuildConfiguration;
			buildSettings = {
				ALWAYS_EMBED_SWIFT_STANDARD_LIBRARIES = YES;
				BUNDLE_LOADER = "$(TEST_HOST)";
				CODE_SIGN_STYLE = Automatic;
				CURRENT_PROJECT_VERSION = 1;
				GENERATE_INFOPLIST_FILE = YES;
				IPHONEOS_DEPLOYMENT_TARGET = 17.0;
				MARKETING_VERSION = 1.0;
				PRODUCT_BUNDLE_IDENTIFIER = COMP4977.Assignment1Tests;
				PRODUCT_NAME = "$(TARGET_NAME)";
				SWIFT_EMIT_LOC_STRINGS = NO;
				SWIFT_VERSION = 5.0;
				TARGETED_DEVICE_FAMILY = "1,2";
				TEST_HOST = "$(BUILT_PRODUCTS_DIR)/Assignment1.app/$(BUNDLE_EXECUTABLE_FOLDER_PATH)/Assignment1";
			};
			name = Release;
		};
		7A4F58662AC7793C00E18C9A /* Debug */ = {
			isa = XCBuildConfiguration;
			buildSettings = {
				ALWAYS_EMBED_SWIFT_STANDARD_LIBRARIES = YES;
				CODE_SIGN_STYLE = Automatic;
				CURRENT_PROJECT_VERSION = 1;
				GENERATE_INFOPLIST_FILE = YES;
				MARKETING_VERSION = 1.0;
				PRODUCT_BUNDLE_IDENTIFIER = COMP4977.Assignment1UITests;
				PRODUCT_NAME = "$(TARGET_NAME)";
				SWIFT_EMIT_LOC_STRINGS = NO;
				SWIFT_VERSION = 5.0;
				TARGETED_DEVICE_FAMILY = "1,2";
				TEST_TARGET_NAME = Assignment1;
			};
			name = Debug;
		};
		7A4F58672AC7793C00E18C9A /* Release */ = {
			isa = XCBuildConfiguration;
			buildSettings = {
				ALWAYS_EMBED_SWIFT_STANDARD_LIBRARIES = YES;
				CODE_SIGN_STYLE = Automatic;
				CURRENT_PROJECT_VERSION = 1;
				GENERATE_INFOPLIST_FILE = YES;
				MARKETING_VERSION = 1.0;
				PRODUCT_BUNDLE_IDENTIFIER = COMP4977.Assignment1UITests;
				PRODUCT_NAME = "$(TARGET_NAME)";
				SWIFT_EMIT_LOC_STRINGS = NO;
				SWIFT_VERSION = 5.0;
				TARGETED_DEVICE_FAMILY = "1,2";
				TEST_TARGET_NAME = Assignment1;
			};
			name = Release;
		};
/* End XCBuildConfiguration section */

/* Begin XCConfigurationList section */
		7A4F58362AC7793A00E18C9A /* Build configuration list for PBXProject "Assignment1" */ = {
			isa = XCConfigurationList;
			buildConfigurations = (
				7A4F585D2AC7793C00E18C9A /* Debug */,
				7A4F585E2AC7793C00E18C9A /* Release */,
			);
			defaultConfigurationIsVisible = 0;
			defaultConfigurationName = Release;
		};
		7A4F585F2AC7793C00E18C9A /* Build configuration list for PBXNativeTarget "Assignment1" */ = {
			isa = XCConfigurationList;
			buildConfigurations = (
				7A4F58602AC7793C00E18C9A /* Debug */,
				7A4F58612AC7793C00E18C9A /* Release */,
			);
			defaultConfigurationIsVisible = 0;
			defaultConfigurationName = Release;
		};
		7A4F58622AC7793C00E18C9A /* Build configuration list for PBXNativeTarget "Assignment1Tests" */ = {
			isa = XCConfigurationList;
			buildConfigurations = (
				7A4F58632AC7793C00E18C9A /* Debug */,
				7A4F58642AC7793C00E18C9A /* Release */,
			);
			defaultConfigurationIsVisible = 0;
			defaultConfigurationName = Release;
		};
		7A4F58652AC7793C00E18C9A /* Build configuration list for PBXNativeTarget "Assignment1UITests" */ = {
			isa = XCConfigurationList;
			buildConfigurations = (
				7A4F58662AC7793C00E18C9A /* Debug */,
				7A4F58672AC7793C00E18C9A /* Release */,
			);
			defaultConfigurationIsVisible = 0;
			defaultConfigurationName = Release;
		};
/* End XCConfigurationList section */
	};
	rootObject = 7A4F58332AC7793A00E18C9A /* Project object */;
}
